
Microsoft Visual Studio Solution File, Format Version 12.00
# Visual Studio Version 16
VisualStudioVersion = 16.0.28407.52
MinimumVisualStudioVersion = 10.0.40219.1
Project("{9A19103F-16F7-4668-BE54-9A1E7A4F7556}") = "Cyxor.Serialization", "Cyxor.Serialization\Cyxor.Serialization.csproj", "{20B39FE7-B3EC-4337-BFC8-5BDAFAE8E5DA}"
EndProject
Project("{9A19103F-16F7-4668-BE54-9A1E7A4F7556}") = "Cyxor.Serialization.Test", "Cyxor.Serialization.Test\Cyxor.Serialization.Test.csproj", "{83BFA431-6EC1-4510-BCBE-020B908A7E34}"
EndProject
Project("{2150E333-8FDC-42A3-9474-1A3956D46DE8}") = "Solution Items", "Solution Items", "{FE4027FC-61A5-44DD-95FC-9E9DF9D705BF}"
	ProjectSection(SolutionItems) = preProject
		LICENSE = LICENSE
		Readme.md = Readme.md
	EndProjectSection
EndProject
Global
	GlobalSection(SolutionConfigurationPlatforms) = preSolution
		Debug|Any CPU = Debug|Any CPU
		Debug|x64 = Debug|x64
		Debug|x86 = Debug|x86
		Release|Any CPU = Release|Any CPU
		Release|x64 = Release|x64
		Release|x86 = Release|x86
	EndGlobalSection
	GlobalSection(ProjectConfigurationPlatforms) = postSolution
		{20B39FE7-B3EC-4337-BFC8-5BDAFAE8E5DA}.Debug|Any CPU.ActiveCfg = Debug|Any CPU
		{20B39FE7-B3EC-4337-BFC8-5BDAFAE8E5DA}.Debug|Any CPU.Build.0 = Debug|Any CPU
		{20B39FE7-B3EC-4337-BFC8-5BDAFAE8E5DA}.Debug|x64.ActiveCfg = Debug|Any CPU
		{20B39FE7-B3EC-4337-BFC8-5BDAFAE8E5DA}.Debug|x64.Build.0 = Debug|Any CPU
		{20B39FE7-B3EC-4337-BFC8-5BDAFAE8E5DA}.Debug|x86.ActiveCfg = Debug|Any CPU
		{20B39FE7-B3EC-4337-BFC8-5BDAFAE8E5DA}.Debug|x86.Build.0 = Debug|Any CPU
		{20B39FE7-B3EC-4337-BFC8-5BDAFAE8E5DA}.Release|Any CPU.ActiveCfg = Release|Any CPU
		{20B39FE7-B3EC-4337-BFC8-5BDAFAE8E5DA}.Release|Any CPU.Build.0 = Release|Any CPU
		{20B39FE7-B3EC-4337-BFC8-5BDAFAE8E5DA}.Release|x64.ActiveCfg = Release|Any CPU
		{20B39FE7-B3EC-4337-BFC8-5BDAFAE8E5DA}.Release|x64.Build.0 = Release|Any CPU
		{20B39FE7-B3EC-4337-BFC8-5BDAFAE8E5DA}.Release|x86.ActiveCfg = Release|Any CPU
		{20B39FE7-B3EC-4337-BFC8-5BDAFAE8E5DA}.Release|x86.Build.0 = Release|Any CPU
		{83BFA431-6EC1-4510-BCBE-020B908A7E34}.Debug|Any CPU.ActiveCfg = Debug|Any CPU
		{83BFA431-6EC1-4510-BCBE-020B908A7E34}.Debug|Any CPU.Build.0 = Debug|Any CPU
		{83BFA431-6EC1-4510-BCBE-020B908A7E34}.Debug|x64.ActiveCfg = Debug|Any CPU
		{83BFA431-6EC1-4510-BCBE-020B908A7E34}.Debug|x64.Build.0 = Debug|Any CPU
		{83BFA431-6EC1-4510-BCBE-020B908A7E34}.Debug|x86.ActiveCfg = Debug|Any CPU
		{83BFA431-6EC1-4510-BCBE-020B908A7E34}.Debug|x86.Build.0 = Debug|Any CPU
		{83BFA431-6EC1-4510-BCBE-020B908A7E34}.Release|Any CPU.ActiveCfg = Release|Any CPU
		{83BFA431-6EC1-4510-BCBE-020B908A7E34}.Release|Any CPU.Build.0 = Release|Any CPU
		{83BFA431-6EC1-4510-BCBE-020B908A7E34}.Release|x64.ActiveCfg = Release|Any CPU
		{83BFA431-6EC1-4510-BCBE-020B908A7E34}.Release|x64.Build.0 = Release|Any CPU
		{83BFA431-6EC1-4510-BCBE-020B908A7E34}.Release|x86.ActiveCfg = Release|Any CPU
		{83BFA431-6EC1-4510-BCBE-020B908A7E34}.Release|x86.Build.0 = Release|Any CPU
	EndGlobalSection
	GlobalSection(SolutionProperties) = preSolution
		HideSolutionNode = FALSE
	EndGlobalSection
	GlobalSection(ExtensibilityGlobals) = postSolution
		SolutionGuid = {7C516863-3161-40FB-B320-96F67F1AD149}
	EndGlobalSection
EndGlobal
